
Microsoft Visual Studio Solution File, Format Version 12.00
# Visual Studio Version 17
VisualStudioVersion = 17.3.32929.385
MinimumVisualStudioVersion = 10.0.40219.1
Project("{C7167F0D-BC9F-4E6E-AFE1-012C56B48DB5}") = "SafeSpendTemp.Package", "SafeSpendTemp.Package\SafeSpendTemp.Package.wapproj", "{54C150D5-674A-4DF0-B0E6-820000F20885}"
EndProject
Project("{8BC9CEB8-8B4A-11D0-8D11-00A0C91BC942}") = "SafeSpendTemp", "SafeSpendTemp\SafeSpendTemp.vcxproj", "{57C4F85F-A776-427F-822A-648B86EE7CC1}"
EndProject
Global
	GlobalSection(SolutionConfigurationPlatforms) = preSolution
		Debug|x64 = Debug|x64
		Debug|x86 = Debug|x86
		Debug|ARM64 = Debug|ARM64
		Release|x64 = Release|x64
		Release|x86 = Release|x86
		Release|ARM64 = Release|ARM64
	EndGlobalSection
	GlobalSection(ProjectConfigurationPlatforms) = postSolution
		{54C150D5-674A-4DF0-B0E6-820000F20885}.Debug|x64.ActiveCfg = Debug|x64
		{54C150D5-674A-4DF0-B0E6-820000F20885}.Debug|x64.Build.0 = Debug|x64
		{54C150D5-674A-4DF0-B0E6-820000F20885}.Debug|x64.Deploy.0 = Debug|x64
		{54C150D5-674A-4DF0-B0E6-820000F20885}.Debug|x86.ActiveCfg = Debug|x86
		{54C150D5-674A-4DF0-B0E6-820000F20885}.Debug|x86.Build.0 = Debug|x86
		{54C150D5-674A-4DF0-B0E6-820000F20885}.Debug|x86.Deploy.0 = Debug|x86
		{54C150D5-674A-4DF0-B0E6-820000F20885}.Debug|ARM64.ActiveCfg = Debug|ARM64
		{54C150D5-674A-4DF0-B0E6-820000F20885}.Debug|ARM64.Build.0 = Debug|ARM64
		{54C150D5-674A-4DF0-B0E6-820000F20885}.Debug|ARM64.Deploy.0 = Debug|ARM64
		{54C150D5-674A-4DF0-B0E6-820000F20885}.Release|x64.ActiveCfg = Release|x64
		{54C150D5-674A-4DF0-B0E6-820000F20885}.Release|x64.Build.0 = Release|x64
		{54C150D5-674A-4DF0-B0E6-820000F20885}.Release|x64.Deploy.0 = Release|x64
		{54C150D5-674A-4DF0-B0E6-820000F20885}.Release|x86.ActiveCfg = Release|x86
		{54C150D5-674A-4DF0-B0E6-820000F20885}.Release|x86.Build.0 = Release|x86
		{54C150D5-674A-4DF0-B0E6-820000F20885}.Release|x86.Deploy.0 = Release|x86
		{54C150D5-674A-4DF0-B0E6-820000F20885}.Release|ARM64.ActiveCfg = Release|ARM64
		{54C150D5-674A-4DF0-B0E6-820000F20885}.Release|ARM64.Build.0 = Release|ARM64
		{54C150D5-674A-4DF0-B0E6-820000F20885}.Release|ARM64.Deploy.0 = Release|ARM64
		{57C4F85F-A776-427F-822A-648B86EE7CC1}.Debug|x64.ActiveCfg = Debug|x64
		{57C4F85F-A776-427F-822A-648B86EE7CC1}.Debug|x64.Build.0 = Debug|x64
		{57C4F85F-A776-427F-822A-648B86EE7CC1}.Debug|x64.Deploy.0 = Debug|x64
		{57C4F85F-A776-427F-822A-648B86EE7CC1}.Debug|x86.ActiveCfg = Debug|Win32
		{57C4F85F-A776-427F-822A-648B86EE7CC1}.Debug|x86.Build.0 = Debug|Win32
		{57C4F85F-A776-427F-822A-648B86EE7CC1}.Debug|x86.Deploy.0 = Debug|Win32
		{57C4F85F-A776-427F-822A-648B86EE7CC1}.Debug|ARM64.ActiveCfg = Debug|ARM64
		{57C4F85F-A776-427F-822A-648B86EE7CC1}.Debug|ARM64.Build.0 = Debug|ARM64
		{57C4F85F-A776-427F-822A-648B86EE7CC1}.Debug|ARM64.Deploy.0 = Debug|ARM64
		{57C4F85F-A776-427F-822A-648B86EE7CC1}.Release|x64.ActiveCfg = Release|x64
		{57C4F85F-A776-427F-822A-648B86EE7CC1}.Release|x64.Build.0 = Release|x64
		{57C4F85F-A776-427F-822A-648B86EE7CC1}.Release|x64.Deploy.0 = Release|x64
		{57C4F85F-A776-427F-822A-648B86EE7CC1}.Release|x86.ActiveCfg = Release|Win32
		{57C4F85F-A776-427F-822A-648B86EE7CC1}.Release|x86.Build.0 = Release|Win32
		{57C4F85F-A776-427F-822A-648B86EE7CC1}.Release|x86.Deploy.0 = Release|Win32
		{57C4F85F-A776-427F-822A-648B86EE7CC1}.Release|ARM64.ActiveCfg = Release|ARM64
		{57C4F85F-A776-427F-822A-648B86EE7CC1}.Release|ARM64.Build.0 = Release|ARM64
		{57C4F85F-A776-427F-822A-648B86EE7CC1}.Release|ARM64.Deploy.0 = Release|ARM64
	EndGlobalSection
	GlobalSection(SolutionProperties) = preSolution
		HideSolutionNode = FALSE
	EndGlobalSection
	GlobalSection(ExtensibilityGlobals) = postSolution
		SolutionGuid = {D43FAD39-F619-437D-BB40-04A3982ACB6A}
	EndGlobalSection
EndGlobal
