{
  "name": "@safe-spend/framework",
  "version": "1.0.0",
  "lockfileVersion": 3,
  "requires": true,
  "packages": {
    "": {
      "name": "@safe-spend/framework",
      "version": "1.0.0",
      "license": "MIT",
      "dependencies": {
        "@types/lowdb": "^1.0.15",
        "lowdb": "^7.0.1"
      }
    },
    "node_modules/@types/lodash": {
      "version": "4.17.20",
      "resolved": "https://registry.npmjs.org/@types/lodash/-/lodash-4.17.20.tgz",
      "integrity": "sha512-H3MHACvFUEiujabxhaI/ImO6gUrd8oOurg7LQtS7mbwIXA/cUqWrvBsaeJ23aZEPk1TAYkurjfMbSELfoCXlGA==",
      "license": "MIT"
    },
    "node_modules/@types/lowdb": {
      "version": "1.0.15",
      "resolved": "https://registry.npmjs.org/@types/lowdb/-/lowdb-1.0.15.tgz",
      "integrity": "sha512-xaMNIveDCryK4UvnUJOc2BCOH0lPivdvWHrutsLryo9r9Id3RqZq2RDmT4eddiEPYzu7nJMw6nFIcVifcqjWqg==",
      "license": "MIT",
      "dependencies": {
        "@types/lodash": "*"
      }
    },
    "node_modules/lowdb": {
      "version": "7.0.1",
      "resolved": "https://registry.npmjs.org/lowdb/-/lowdb-7.0.1.tgz",
      "integrity": "sha512-neJAj8GwF0e8EpycYIDFqEPcx9Qz4GUho20jWFR7YiFeXzF1YMLdxB36PypcTSPMA+4+LvgyMacYhlr18Zlymw==",
      "license": "MIT",
      "dependencies": {
        "steno": "^4.0.2"
      },
      "engines": {
        "node": ">=18"
      },
      "funding": {
        "url": "https://github.com/sponsors/typicode"
      }
    },
    "node_modules/steno": {
      "version": "4.0.2",
      "resolved": "https://registry.npmjs.org/steno/-/steno-4.0.2.tgz",
      "integrity": "sha512-yhPIQXjrlt1xv7dyPQg2P17URmXbuM5pdGkpiMB3RenprfiBlvK415Lctfe0eshk90oA7/tNq7WEiMK8RSP39A==",
      "license": "MIT",
      "engines": {
        "node": ">=18"
      },
      "funding": {
        "url": "https://github.com/sponsors/typicode"
      }
    }
  }
}
