{
  "name": "@safe-spend/desktop",
  "version": "1.0.0",
  "lockfileVersion": 3,
  "requires": true,
  "packages": {
    "": {
      "name": "@safe-spend/desktop",
      "version": "1.0.0",
      "dependencies": {
        "@safe-spend/core-ui": "file:../../packages/core-ui",
        "@safe-spend/framework": "file:../../packages/framework"
      },
      "devDependencies": {}
    },
    "../../packages/core-ui": {
      "name": "@safe-spend/core-ui",
      "version": "1.0.0",
      "dependencies": {
        "@safe-spend/framework": "file:../framework"
      },
      "devDependencies": {},
      "peerDependencies": {
        "react": ">=16.0.0",
        "react-native": ">=0.60.0"
      }
    },
    "../../packages/framework": {
      "name": "@safe-spend/framework",
      "version": "1.0.0",
      "devDependencies": {}
    },
    "node_modules/@safe-spend/core-ui": {
      "resolved": "../../packages/core-ui",
      "link": true
    },
    "node_modules/@safe-spend/framework": {
      "resolved": "../../packages/framework",
      "link": true
    }
  }
}
